[[dependencies]]
name = "@openzeppelin-contracts"
version = "5.7.0"
url = "https://soldeer-revisions.s3.amazonaws.com/@openzeppelin-contracts/5_7_0_29-07-2026_19:34:46_contracts.zip"
checksum = "fe08a24bc34334b2976c6ad69a0d74bdfa63de8a5c8528579060f25a11fb5cd5"
integrity = "3e13bc4d96bdef6e35f6b1e0dc0e455843a958edc597750dff20ca50295b767d"

[[dependencies]]
name = "forge-std"
version = "1.16.2"
url = "https://soldeer-revisions.s3.amazonaws.com/forge-std/1_16_2_03-07-2026_07:37:45_forge-std-1.16.zip"
checksum = "405dccc9d60d753f6abc412b4adf0359f4390f65dbadbbb277a12b4946ed8969"
integrity = "5fb4325b60d7d4194bd0481e2f94398cf1d9c6561dd12a66fb2748ef4a68205f"
